# THIS IS AN AUTOGENERATED FILE. DO NOT EDIT THIS FILE DIRECTLY.
# yarn lockfile v1


"@jbx-protocol/juice-contracts-v3@^2.0.2":
  version "2.0.2"
  resolved "https://registry.yarnpkg.com/@jbx-protocol/juice-contracts-v3/-/juice-contracts-v3-2.0.2.tgz#8bf7f451a1169473ae6e4f79f2fe40511c4623ce"
  integrity sha512-Xf9ZJbpIKjEwrcFfWKLMO8WmAO2OOZ/cJCV06XZZkApHHyJls901wyxX+EUZJHQkODO6zFjBGf8IHPla4YFYAw==

"@opengsn/contracts@^3.0.0-beta.1":
  version "3.0.0-beta.1"
  resolved "https://registry.yarnpkg.com/@opengsn/contracts/-/contracts-3.0.0-beta.1.tgz#4068326fb4d5268aa9f67c68fad18e9c5e9f31b5"
  integrity sha512-ZQrpe8F45ONSyLnCeEbbSXWqUpP5EIjnOsIMHIudYDT+0c689EpzsZIMluX3RZhYrUMvc7JW05zx/sbCBeEhug==
  dependencies:
    "@openzeppelin/contracts" "^4.2.0"

"@openzeppelin/contracts@^4.2.0":
  version "4.8.0"
  resolved "https://registry.yarnpkg.com/@openzeppelin/contracts/-/contracts-4.8.0.tgz#6854c37df205dd2c056bdfa1b853f5d732109109"
  integrity sha512-AGuwhRRL+NaKx73WKRNzeCxOCOCxpaqF+kp8TJ89QzAipSwZy/NoflkWaL9bywXFRhIzXt8j38sfF7KBKCPWLw==
